
Microsoft Visual Studio Solution File, Format Version 12.00
# Visual Studio Version 16
VisualStudioVersion = 16.0.31829.152
MinimumVisualStudioVersion = 10.0.40219.1
Project("{FAE04EC0-301F-11D3-BF4B-00C04F79EFBC}") = "Petgold", "Petgold\Petgold.csproj", "{3406FECA-06F0-4BFE-BFA6-B053CAC440C4}"
EndProject
Global
	GlobalSection(SolutionConfigurationPlatforms) = preSolution
		Debug|Any CPU = Debug|Any CPU
		Release|Any CPU = Release|Any CPU
	EndGlobalSection
	GlobalSection(ProjectConfigurationPlatforms) = postSolution
		{3406FECA-06F0-4BFE-BFA6-B053CAC440C4}.Debug|Any CPU.ActiveCfg = Debug|Any CPU
		{3406FECA-06F0-4BFE-BFA6-B053CAC440C4}.Debug|Any CPU.Build.0 = Debug|Any CPU
		{3406FECA-06F0-4BFE-BFA6-B053CAC440C4}.Release|Any CPU.ActiveCfg = Release|Any CPU
		{3406FECA-06F0-4BFE-BFA6-B053CAC440C4}.Release|Any CPU.Build.0 = Release|Any CPU
	EndGlobalSection
	GlobalSection(SolutionProperties) = preSolution
		HideSolutionNode = FALSE
	EndGlobalSection
	GlobalSection(ExtensibilityGlobals) = postSolution
		SolutionGuid = {920AD7CF-0F0A-4125-A921-1B1C676F58B2}
	EndGlobalSection
EndGlobal
